// !$*UTF8*$!
{
	archiveVersion = 1;
	classes = {
	};
	objectVersion = 50;
	objects = {

/* Begin PBXBuildFile section */
		8C88AB5422A9DA42006848ED /* AppDelegate.swift in Sources */ = {isa = PBXBuildFile; fileRef = 8C88AB5322A9DA42006848ED /* AppDelegate.swift */; };
		8C88AB5622A9DA42006848ED /* SceneDelegate.swift in Sources */ = {isa = PBXBuildFile; fileRef = 8C88AB5522A9DA42006848ED /* SceneDelegate.swift */; };
		8C88AB5822A9DA42006848ED /* ContentView.swift in Sources */ = {isa = PBXBuildFile; fileRef = 8C88AB5722A9DA42006848ED /* ContentView.swift */; };
		8C88AB5A22A9DA43006848ED /* Assets.xcassets in Resources */ = {isa = PBXBuildFile; fileRef = 8C88AB5922A9DA43006848ED /* Assets.xcassets */; };
		8C88AB5D22A9DA43006848ED /* Preview Assets.xcassets in Resources */ = {isa = PBXBuildFile; fileRef = 8C88AB5C22A9DA43006848ED /* Preview Assets.xcassets */; };
		8C88AB6022A9DA43006848ED /* LaunchScreen.storyboard in Resources */ = {isa = PBXBuildFile; fileRef = 8C88AB5E22A9DA43006848ED /* LaunchScreen.storyboard */; };
		8C88AB6B22A9DA43006848ED /* Hello_SwiftUITests.swift in Sources */ = {isa = PBXBuildFile; fileRef = 8C88AB6A22A9DA43006848ED /* Hello_SwiftUITests.swift */; };
		8C88AB7622A9DA43006848ED /* Hello_SwiftUIUITests.swift in Sources */ = {isa = PBXBuildFile; fileRef = 8C88AB7522A9DA43006848ED /* Hello_SwiftUIUITests.swift */; };
/* End PBXBuildFile section */

/* Begin PBXContainerItemProxy section */
		8C88AB6722A9DA43006848ED /* PBXContainerItemProxy */ = {
			isa = PBXContainerItemProxy;
			containerPortal = 8C88AB4822A9DA42006848ED /* Project object */;
			proxyType = 1;
			remoteGlobalIDString = 8C88AB4F22A9DA42006848ED;
			remoteInfo = "Hello-SwiftUI";
		};
		8C88AB7222A9DA43006848ED /* PBXContainerItemProxy */ = {
			isa = PBXContainerItemProxy;
			containerPortal = 8C88AB4822A9DA42006848ED /* Project object */;
			proxyType = 1;
			remoteGlobalIDString = 8C88AB4F22A9DA42006848ED;
			remoteInfo = "Hello-SwiftUI";
		};
/* End PBXContainerItemProxy section */

/* Begin PBXFileReference section */
		8C88AB5022A9DA42006848ED /* Hello-SwiftUI.app */ = {isa = PBXFileReference; explicitFileType = wrapper.application; includeInIndex = 0; path = "Hello-SwiftUI.app"; sourceTree = BUILT_PRODUCTS_DIR; };
		8C88AB5322A9DA42006848ED /* AppDelegate.swift */ = {isa = PBXFileReference; lastKnownFileType = sourcecode.swift; path = AppDelegate.swift; sourceTree = "<group>"; };
		8C88AB5522A9DA42006848ED /* SceneDelegate.swift */ = {isa = PBXFileReference; lastKnownFileType = sourcecode.swift; path = SceneDelegate.swift; sourceTree = "<group>"; };
		8C88AB5722A9DA42006848ED /* ContentView.swift */ = {isa = PBXFileReference; lastKnownFileType = sourcecode.swift; path = ContentView.swift; sourceTree = "<group>"; };
		8C88AB5922A9DA43006848ED /* Assets.xcassets */ = {isa = PBXFileReference; lastKnownFileType = folder.assetcatalog; path = Assets.xcassets; sourceTree = "<group>"; };
		8C88AB5C22A9DA43006848ED /* Preview Assets.xcassets */ = {isa = PBXFileReference; lastKnownFileType = folder.assetcatalog; path = "Preview Assets.xcassets"; sourceTree = "<group>"; };
		8C88AB5F22A9DA43006848ED /* Base */ = {isa = PBXFileReference; lastKnownFileType = file.storyboard; name = Base; path = Base.lproj/LaunchScreen.storyboard; sourceTree = "<group>"; };
		8C88AB6122A9DA43006848ED /* Info.plist */ = {isa = PBXFileReference; lastKnownFileType = text.plist.xml; path = Info.plist; sourceTree = "<group>"; };
		8C88AB6622A9DA43006848ED /* Hello-SwiftUITests.xctest */ = {isa = PBXFileReference; explicitFileType = wrapper.cfbundle; includeInIndex = 0; path = "Hello-SwiftUITests.xctest"; sourceTree = BUILT_PRODUCTS_DIR; };
		8C88AB6A22A9DA43006848ED /* Hello_SwiftUITests.swift */ = {isa = PBXFileReference; lastKnownFileType = sourcecode.swift; path = Hello_SwiftUITests.swift; sourceTree = "<group>"; };
		8C88AB6C22A9DA43006848ED /* Info.plist */ = {isa = PBXFileReference; lastKnownFileType = text.plist.xml; path = Info.plist; sourceTree = "<group>"; };
		8C88AB7122A9DA43006848ED /* Hello-SwiftUIUITests.xctest */ = {isa = PBXFileReference; explicitFileType = wrapper.cfbundle; includeInIndex = 0; path = "Hello-SwiftUIUITests.xctest"; sourceTree = BUILT_PRODUCTS_DIR; };
		8C88AB7522A9DA43006848ED /* Hello_SwiftUIUITests.swift */ = {isa = PBXFileReference; lastKnownFileType = sourcecode.swift; path = Hello_SwiftUIUITests.swift; sourceTree = "<group>"; };
		8C88AB7722A9DA43006848ED /* Info.plist */ = {isa = PBXFileReference; lastKnownFileType = text.plist.xml; path = Info.plist; sourceTree = "<group>"; };
/* End PBXFileReference section */

/* Begin PBXFrameworksBuildPhase section */
		8C88AB4D22A9DA42006848ED /* Frameworks */ = {
			isa = PBXFrameworksBuildPhase;
			buildActionMask = 2147483647;
			files = (
			);
			runOnlyForDeploymentPostprocessing = 0;
		};
		8C88AB6322A9DA43006848ED /* Frameworks */ = {
			isa = PBXFrameworksBuildPhase;
			buildActionMask = 2147483647;
			files = (
			);
			runOnlyForDeploymentPostprocessing = 0;
		};
		8C88AB6E22A9DA43006848ED /* Frameworks */ = {
			isa = PBXFrameworksBuildPhase;
			buildActionMask = 2147483647;
			files = (
			);
			runOnlyForDeploymentPostprocessing = 0;
		};
/* End PBXFrameworksBuildPhase section */

/* Begin PBXGroup section */
		8C88AB4722A9DA42006848ED = {
			isa = PBXGroup;
			children = (
				8C88AB5222A9DA42006848ED /* Hello-SwiftUI */,
				8C88AB6922A9DA43006848ED /* Hello-SwiftUITests */,
				8C88AB7422A9DA43006848ED /* Hello-SwiftUIUITests */,
				8C88AB5122A9DA42006848ED /* Products */,
			);
			sourceTree = "<group>";
		};
		8C88AB5122A9DA42006848ED /* Products */ = {
			isa = PBXGroup;
			children = (
				8C88AB5022A9DA42006848ED /* Hello-SwiftUI.app */,
				8C88AB6622A9DA43006848ED /* Hello-SwiftUITests.xctest */,
				8C88AB7122A9DA43006848ED /* Hello-SwiftUIUITests.xctest */,
			);
			name = Products;
			sourceTree = "<group>";
		};
		8C88AB5222A9DA42006848ED /* Hello-SwiftUI */ = {
			isa = PBXGroup;
			children = (
				8C88AB5322A9DA42006848ED /* AppDelegate.swift */,
				8C88AB5522A9DA42006848ED /* SceneDelegate.swift */,
				8C88AB5722A9DA42006848ED /* ContentView.swift */,
				8C88AB5922A9DA43006848ED /* Assets.xcassets */,
				8C88AB5E22A9DA43006848ED /* LaunchScreen.storyboard */,
				8C88AB6122A9DA43006848ED /* Info.plist */,
				8C88AB5B22A9DA43006848ED /* Preview Content */,
			);
			path = "Hello-SwiftUI";
			sourceTree = "<group>";
		};
		8C88AB5B22A9DA43006848ED /* Preview Content */ = {
			isa = PBXGroup;
			children = (
				8C88AB5C22A9DA43006848ED /* Preview Assets.xcassets */,
			);
			path = "Preview Content";
			sourceTree = "<group>";
		};
		8C88AB6922A9DA43006848ED /* Hello-SwiftUITests */ = {
			isa = PBXGroup;
			children = (
				8C88AB6A22A9DA43006848ED /* Hello_SwiftUITests.swift */,
				8C88AB6C22A9DA43006848ED /* Info.plist */,
			);
			path = "Hello-SwiftUITests";
			sourceTree = "<group>";
		};
		8C88AB7422A9DA43006848ED /* Hello-SwiftUIUITests */ = {
			isa = PBXGroup;
			children = (
				8C88AB7522A9DA43006848ED /* Hello_SwiftUIUITests.swift */,
				8C88AB7722A9DA43006848ED /* Info.plist */,
			);
			path = "Hello-SwiftUIUITests";
			sourceTree = "<group>";
		};
/* End PBXGroup section */

/* Begin PBXNativeTarget section */
		8C88AB4F22A9DA42006848ED /* Hello-SwiftUI */ = {
			isa = PBXNativeTarget;
			buildConfigurationList = 8C88AB7A22A9DA43006848ED /* Build configuration list for PBXNativeTarget "Hello-SwiftUI" */;
			buildPhases = (
				8C88AB4C22A9DA42006848ED /* Sources */,
				8C88AB4D22A9DA42006848ED /* Frameworks */,
				8C88AB4E22A9DA42006848ED /* Resources */,
			);
			buildRules = (
			);
			dependencies = (
			);
			name = "Hello-SwiftUI";
			productName = "Hello-SwiftUI";
			productReference = 8C88AB5022A9DA42006848ED /* Hello-SwiftUI.app */;
			productType = "com.apple.product-type.application";
		};
		8C88AB6522A9DA43006848ED /* Hello-SwiftUITests */ = {
			isa = PBXNativeTarget;
			buildConfigurationList = 8C88AB7D22A9DA43006848ED /* Build configuration list for PBXNativeTarget "Hello-SwiftUITests" */;
			buildPhases = (
				8C88AB6222A9DA43006848ED /* Sources */,
				8C88AB6322A9DA43006848ED /* Frameworks */,
				8C88AB6422A9DA43006848ED /* Resources */,
			);
			buildRules = (
			);
			dependencies = (
				8C88AB6822A9DA43006848ED /* PBXTargetDependency */,
			);
			name = "Hello-SwiftUITests";
			productName = "Hello-SwiftUITests";
			productReference = 8C88AB6622A9DA43006848ED /* Hello-SwiftUITests.xctest */;
			productType = "com.apple.product-type.bundle.unit-test";
		};
		8C88AB7022A9DA43006848ED /* Hello-SwiftUIUITests */ = {
			isa = PBXNativeTarget;
			buildConfigurationList = 8C88AB8022A9DA43006848ED /* Build configuration list for PBXNativeTarget "Hello-SwiftUIUITests" */;
			buildPhases = (
				8C88AB6D22A9DA43006848ED /* Sources */,
				8C88AB6E22A9DA43006848ED /* Frameworks */,
				8C88AB6F22A9DA43006848ED /* Resources */,
			);
			buildRules = (
			);
			dependencies = (
				8C88AB7322A9DA43006848ED /* PBXTargetDependency */,
			);
			name = "Hello-SwiftUIUITests";
			productName = "Hello-SwiftUIUITests";
			productReference = 8C88AB7122A9DA43006848ED /* Hello-SwiftUIUITests.xctest */;
			productType = "com.apple.product-type.bundle.ui-testing";
		};
/* End PBXNativeTarget section */

/* Begin PBXProject section */
		8C88AB4822A9DA42006848ED /* Project object */ = {
			isa = PBXProject;
			attributes = {
				LastSwiftUpdateCheck = 1100;
				LastUpgradeCheck = 1100;
				ORGANIZATIONNAME = "Naila Sheikh";
				TargetAttributes = {
					8C88AB4F22A9DA42006848ED = {
						CreatedOnToolsVersion = 11.0;
					};
					8C88AB6522A9DA43006848ED = {
						CreatedOnToolsVersion = 11.0;
						TestTargetID = 8C88AB4F22A9DA42006848ED;
					};
					8C88AB7022A9DA43006848ED = {
						CreatedOnToolsVersion = 11.0;
						TestTargetID = 8C88AB4F22A9DA42006848ED;
					};
				};
			};
			buildConfigurationList = 8C88AB4B22A9DA42006848ED /* Build configuration list for PBXProject "Hello-SwiftUI" */;
			compatibilityVersion = "Xcode 9.3";
			developmentRegion = en;
			hasScannedForEncodings = 0;
			knownRegions = (
				en,
				Base,
			);
			mainGroup = 8C88AB4722A9DA42006848ED;
			productRefGroup = 8C88AB5122A9DA42006848ED /* Products */;
			projectDirPath = "";
			projectRoot = "";
			targets = (
				8C88AB4F22A9DA42006848ED /* Hello-SwiftUI */,
				8C88AB6522A9DA43006848ED /* Hello-SwiftUITests */,
				8C88AB7022A9DA43006848ED /* Hello-SwiftUIUITests */,
			);
		};
/* End PBXProject section */

/* Begin PBXResourcesBuildPhase section */
		8C88AB4E22A9DA42006848ED /* Resources */ = {
			isa = PBXResourcesBuildPhase;
			buildActionMask = 2147483647;
			files = (
				8C88AB6022A9DA43006848ED /* LaunchScreen.storyboard in Resources */,
				8C88AB5D22A9DA43006848ED /* Preview Assets.xcassets in Resources */,
				8C88AB5A22A9DA43006848ED /* Assets.xcassets in Resources */,
			);
			runOnlyForDeploymentPostprocessing = 0;
		};
		8C88AB6422A9DA43006848ED /* Resources */ = {
			isa = PBXResourcesBuildPhase;
			buildActionMask = 2147483647;
			files = (
			);
			runOnlyForDeploymentPostprocessing = 0;
		};
		8C88AB6F22A9DA43006848ED /* Resources */ = {
			isa = PBXResourcesBuildPhase;
			buildActionMask = 2147483647;
			files = (
			);
			runOnlyForDeploymentPostprocessing = 0;
		};
/* End PBXResourcesBuildPhase section */

/* Begin PBXSourcesBuildPhase section */
		8C88AB4C22A9DA42006848ED /* Sources */ = {
			isa = PBXSourcesBuildPhase;
			buildActionMask = 2147483647;
			files = (
				8C88AB5422A9DA42006848ED /* AppDelegate.swift in Sources */,
				8C88AB5622A9DA42006848ED /* SceneDelegate.swift in Sources */,
				8C88AB5822A9DA42006848ED /* ContentView.swift in Sources */,
			);
			runOnlyForDeploymentPostprocessing = 0;
		};
		8C88AB6222A9DA43006848ED /* Sources */ = {
			isa = PBXSourcesBuildPhase;
			buildActionMask = 2147483647;
			files = (
				8C88AB6B22A9DA43006848ED /* Hello_SwiftUITests.swift in Sources */,
			);
			runOnlyForDeploymentPostprocessing = 0;
		};
		8C88AB6D22A9DA43006848ED /* Sources */ = {
			isa = PBXSourcesBuildPhase;
			buildActionMask = 2147483647;
			files = (
				8C88AB7622A9DA43006848ED /* Hello_SwiftUIUITests.swift in Sources */,
			);
			runOnlyForDeploymentPostprocessing = 0;
		};
/* End PBXSourcesBuildPhase section */

/* Begin PBXTargetDependency section */
		8C88AB6822A9DA43006848ED /* PBXTargetDependency */ = {
			isa = PBXTargetDependency;
			target = 8C88AB4F22A9DA42006848ED /* Hello-SwiftUI */;
			targetProxy = 8C88AB6722A9DA43006848ED /* PBXContainerItemProxy */;
		};
		8C88AB7322A9DA43006848ED /* PBXTargetDependency */ = {
			isa = PBXTargetDependency;
			target = 8C88AB4F22A9DA42006848ED /* Hello-SwiftUI */;
			targetProxy = 8C88AB7222A9DA43006848ED /* PBXContainerItemProxy */;
		};
/* End PBXTargetDependency section */

/* Begin PBXVariantGroup section */
		8C88AB5E22A9DA43006848ED /* LaunchScreen.storyboard */ = {
			isa = PBXVariantGroup;
			children = (
				8C88AB5F22A9DA43006848ED /* Base */,
			);
			name = LaunchScreen.storyboard;
			sourceTree = "<group>";
		};
/* End PBXVariantGroup section */

/* Begin XCBuildConfiguration section */
		8C88AB7822A9DA43006848ED /* Debug */ = {
			isa = XCBuildConfiguration;
			buildSettings = {
				ALWAYS_SEARCH_USER_PATHS = NO;
				CLANG_ANALYZER_NONNULL = YES;
				CLANG_ANALYZER_NUMBER_OBJECT_CONVERSION = YES_AGGRESSIVE;
				CLANG_CXX_LANGUAGE_STANDARD = "gnu++14";
				CLANG_CXX_LIBRARY = "libc++";
				CLANG_ENABLE_MODULES = YES;
				CLANG_ENABLE_OBJC_ARC = YES;
				CLANG_ENABLE_OBJC_WEAK = YES;
				CLANG_WARN_BLOCK_CAPTURE_AUTORELEASING = YES;
				CLANG_WARN_BOOL_CONVERSION = YES;
				CLANG_WARN_COMMA = YES;
				CLANG_WARN_CONSTANT_CONVERSION = YES;
				CLANG_WARN_DEPRECATED_OBJC_IMPLEMENTATIONS = YES;
				CLANG_WARN_DIRECT_OBJC_ISA_USAGE = YES_ERROR;
				CLANG_WARN_DOCUMENTATION_COMMENTS = YES;
				CLANG_WARN_EMPTY_BODY = YES;
				CLANG_WARN_ENUM_CONVERSION = YES;
				CLANG_WARN_INFINITE_RECURSION = YES;
				CLANG_WARN_INT_CONVERSION = YES;
				CLANG_WARN_NON_LITERAL_NULL_CONVERSION = YES;
				CLANG_WARN_OBJC_IMPLICIT_RETAIN_SELF = YES;
				CLANG_WARN_OBJC_LITERAL_CONVERSION = YES;
				CLANG_WARN_OBJC_ROOT_CLASS = YES_ERROR;
				CLANG_WARN_RANGE_LOOP_ANALYSIS = YES;
				CLANG_WARN_STRICT_PROTOTYPES = YES;
				CLANG_WARN_SUSPICIOUS_MOVE = YES;
				CLANG_WARN_UNGUARDED_AVAILABILITY = YES_AGGRESSIVE;
				CLANG_WARN_UNREACHABLE_CODE = YES;
				CLANG_WARN__DUPLICATE_METHOD_MATCH = YES;
				COPY_PHASE_STRIP = NO;
				DEBUG_INFORMATION_FORMAT = dwarf;
				ENABLE_STRICT_OBJC_MSGSEND = YES;
				ENABLE_TESTABILITY = YES;
				GCC_C_LANGUAGE_STANDARD = gnu11;
				GCC_DYNAMIC_NO_PIC = NO;
				GCC_NO_COMMON_BLOCKS = YES;
				GCC_OPTIMIZATION_LEVEL = 0;
				GCC_PREPROCESSOR_DEFINITIONS = (
					"DEBUG=1",
					"$(inherited)",
				);
				GCC_WARN_64_TO_32_BIT_CONVERSION = YES;
				GCC_WARN_ABOUT_RETURN_TYPE = YES_ERROR;
				GCC_WARN_UNDECLARED_SELECTOR = YES;
				GCC_WARN_UNINITIALIZED_AUTOS = YES_AGGRESSIVE;
				GCC_WARN_UNUSED_FUNCTION = YES;
				GCC_WARN_UNUSED_VARIABLE = YES;
				IPHONEOS_DEPLOYMENT_TARGET = 13.0;
				MTL_ENABLE_DEBUG_INFO = INCLUDE_SOURCE;
				MTL_FAST_MATH = YES;
				ONLY_ACTIVE_ARCH = YES;
				SDKROOT = iphoneos;
				SWIFT_ACTIVE_COMPILATION_CONDITIONS = DEBUG;
				SWIFT_OPTIMIZATION_LEVEL = "-Onone";
			};
			name = Debug;
		};
		8C88AB7922A9DA43006848ED /* Release */ = {
			isa = XCBuildConfiguration;
			buildSettings = {
				ALWAYS_SEARCH_USER_PATHS = NO;
				CLANG_ANALYZER_NONNULL = YES;
				CLANG_ANALYZER_NUMBER_OBJECT_CONVERSION = YES_AGGRESSIVE;
				CLANG_CXX_LANGUAGE_STANDARD = "gnu++14";
				CLANG_CXX_LIBRARY = "libc++";
				CLANG_ENABLE_MODULES = YES;
				CLANG_ENABLE_OBJC_ARC = YES;
				CLANG_ENABLE_OBJC_WEAK = YES;
				CLANG_WARN_BLOCK_CAPTURE_AUTORELEASING = YES;
				CLANG_WARN_BOOL_CONVERSION = YES;
				CLANG_WARN_COMMA = YES;
				CLANG_WARN_CONSTANT_CONVERSION = YES;
				CLANG_WARN_DEPRECATED_OBJC_IMPLEMENTATIONS = YES;
				CLANG_WARN_DIRECT_OBJC_ISA_USAGE = YES_ERROR;
				CLANG_WARN_DOCUMENTATION_COMMENTS = YES;
				CLANG_WARN_EMPTY_BODY = YES;
				CLANG_WARN_ENUM_CONVERSION = YES;
				CLANG_WARN_INFINITE_RECURSION = YES;
				CLANG_WARN_INT_CONVERSION = YES;
				CLANG_WARN_NON_LITERAL_NULL_CONVERSION = YES;
				CLANG_WARN_OBJC_IMPLICIT_RETAIN_SELF = YES;
				CLANG_WARN_OBJC_LITERAL_CONVERSION = YES;
				CLANG_WARN_OBJC_ROOT_CLASS = YES_ERROR;
				CLANG_WARN_RANGE_LOOP_ANALYSIS = YES;
				CLANG_WARN_STRICT_PROTOTYPES = YES;
				CLANG_WARN_SUSPICIOUS_MOVE = YES;
				CLANG_WARN_UNGUARDED_AVAILABILITY = YES_AGGRESSIVE;
				CLANG_WARN_UNREACHABLE_CODE = YES;
				CLANG_WARN__DUPLICATE_METHOD_MATCH = YES;
				COPY_PHASE_STRIP = NO;
				DEBUG_INFORMATION_FORMAT = "dwarf-with-dsym";
				ENABLE_NS_ASSERTIONS = NO;
				ENABLE_STRICT_OBJC_MSGSEND = YES;
				GCC_C_LANGUAGE_STANDARD = gnu11;
				GCC_NO_COMMON_BLOCKS = YES;
				GCC_WARN_64_TO_32_BIT_CONVERSION = YES;
				GCC_WARN_ABOUT_RETURN_TYPE = YES_ERROR;
				GCC_WARN_UNDECLARED_SELECTOR = YES;
				GCC_WARN_UNINITIALIZED_AUTOS = YES_AGGRESSIVE;
				GCC_WARN_UNUSED_FUNCTION = YES;
				GCC_WARN_UNUSED_VARIABLE = YES;
				IPHONEOS_DEPLOYMENT_TARGET = 13.0;
				MTL_ENABLE_DEBUG_INFO = NO;
				MTL_FAST_MATH = YES;
				SDKROOT = iphoneos;
				SWIFT_COMPILATION_MODE = wholemodule;
				SWIFT_OPTIMIZATION_LEVEL = "-O";
				VALIDATE_PRODUCT = YES;
			};
			name = Release;
		};
		8C88AB7B22A9DA43006848ED /* Debug */ = {
			isa = XCBuildConfiguration;
			buildSettings = {
				ASSETCATALOG_COMPILER_APPICON_NAME = AppIcon;
				CODE_SIGN_STYLE = Automatic;
				DEVELOPMENT_ASSET_PATHS = "Hello-SwiftUI/Preview\\ Content";
				DEVELOPMENT_TEAM = B2Q8EGNCQA;
				ENABLE_PREVIEWS = YES;
				INFOPLIST_FILE = "Hello-SwiftUI/Info.plist";
				LD_RUNPATH_SEARCH_PATHS = (
					"$(inherited)",
					"@executable_path/Frameworks",
				);
				PRODUCT_BUNDLE_IDENTIFIER = "com.azamsharp.Hello-SwiftUI";
				PRODUCT_NAME = "$(TARGET_NAME)";
				SWIFT_VERSION = 5.0;
				TARGETED_DEVICE_FAMILY = "1,2";
			};
			name = Debug;
		};
		8C88AB7C22A9DA43006848ED /* Release */ = {
			isa = XCBuildConfiguration;
			buildSettings = {
				ASSETCATALOG_COMPILER_APPICON_NAME = AppIcon;
				CODE_SIGN_STYLE = Automatic;
				DEVELOPMENT_ASSET_PATHS = "Hello-SwiftUI/Preview\\ Content";
				DEVELOPMENT_TEAM = B2Q8EGNCQA;
				ENABLE_PREVIEWS = YES;
				INFOPLIST_FILE = "Hello-SwiftUI/Info.plist";
				LD_RUNPATH_SEARCH_PATHS = (
					"$(inherited)",
					"@executable_path/Frameworks",
				);
				PRODUCT_BUNDLE_IDENTIFIER = "com.azamsharp.Hello-SwiftUI";
				PRODUCT_NAME = "$(TARGET_NAME)";
				SWIFT_VERSION = 5.0;
				TARGETED_DEVICE_FAMILY = "1,2";
			};
			name = Release;
		};
		8C88AB7E22A9DA43006848ED /* Debug */ = {
			isa = XCBuildConfiguration;
			buildSettings = {
				ALWAYS_EMBED_SWIFT_STANDARD_LIBRARIES = YES;
				BUNDLE_LOADER = "$(TEST_HOST)";
				CODE_SIGN_STYLE = Automatic;
				DEVELOPMENT_TEAM = B2Q8EGNCQA;
				INFOPLIST_FILE = "Hello-SwiftUITests/Info.plist";
				LD_RUNPATH_SEARCH_PATHS = (
					"$(inherited)",
					"@executable_path/Frameworks",
					"@loader_path/Frameworks",
				);
				PRODUCT_BUNDLE_IDENTIFIER = "com.azamsharp.Hello-SwiftUITests";
				PRODUCT_NAME = "$(TARGET_NAME)";
				SWIFT_VERSION = 5.0;
				TARGETED_DEVICE_FAMILY = "1,2";
				TEST_HOST = "$(BUILT_PRODUCTS_DIR)/Hello-SwiftUI.app/Hello-SwiftUI";
			};
			name = Debug;
		};
		8C88AB7F22A9DA43006848ED /* Release */ = {
			isa = XCBuildConfiguration;
			buildSettings = {
				ALWAYS_EMBED_SWIFT_STANDARD_LIBRARIES = YES;
				BUNDLE_LOADER = "$(TEST_HOST)";
				CODE_SIGN_STYLE = Automatic;
				DEVELOPMENT_TEAM = B2Q8EGNCQA;
				INFOPLIST_FILE = "Hello-SwiftUITests/Info.plist";
				LD_RUNPATH_SEARCH_PATHS = (
					"$(inherited)",
					"@executable_path/Frameworks",
					"@loader_path/Frameworks",
				);
				PRODUCT_BUNDLE_IDENTIFIER = "com.azamsharp.Hello-SwiftUITests";
				PRODUCT_NAME = "$(TARGET_NAME)";
				SWIFT_VERSION = 5.0;
				TARGETED_DEVICE_FAMILY = "1,2";
				TEST_HOST = "$(BUILT_PRODUCTS_DIR)/Hello-SwiftUI.app/Hello-SwiftUI";
			};
			name = Release;
		};
		8C88AB8122A9DA43006848ED /* Debug */ = {
			isa = XCBuildConfiguration;
			buildSettings = {
				ALWAYS_EMBED_SWIFT_STANDARD_LIBRARIES = YES;
				CODE_SIGN_STYLE = Automatic;
				DEVELOPMENT_TEAM = B2Q8EGNCQA;
				INFOPLIST_FILE = "Hello-SwiftUIUITests/Info.plist";
				LD_RUNPATH_SEARCH_PATHS = (
					"$(inherited)",
					"@executable_path/Frameworks",
					"@loader_path/Frameworks",
				);
				PRODUCT_BUNDLE_IDENTIFIER = "com.azamsharp.Hello-SwiftUIUITests";
				PRODUCT_NAME = "$(TARGET_NAME)";
				SWIFT_VERSION = 5.0;
				TARGETED_DEVICE_FAMILY = "1,2";
				TEST_TARGET_NAME = "Hello-SwiftUI";
			};
			name = Debug;
		};
		8C88AB8222A9DA43006848ED /* Release */ = {
			isa = XCBuildConfiguration;
			buildSettings = {
				ALWAYS_EMBED_SWIFT_STANDARD_LIBRARIES = YES;
				CODE_SIGN_STYLE = Automatic;
				DEVELOPMENT_TEAM = B2Q8EGNCQA;
				INFOPLIST_FILE = "Hello-SwiftUIUITests/Info.plist";
				LD_RUNPATH_SEARCH_PATHS = (
					"$(inherited)",
					"@executable_path/Frameworks",
					"@loader_path/Frameworks",
				);
				PRODUCT_BUNDLE_IDENTIFIER = "com.azamsharp.Hello-SwiftUIUITests";
				PRODUCT_NAME = "$(TARGET_NAME)";
				SWIFT_VERSION = 5.0;
				TARGETED_DEVICE_FAMILY = "1,2";
				TEST_TARGET_NAME = "Hello-SwiftUI";
			};
			name = Release;
		};
/* End XCBuildConfiguration section */

/* Begin XCConfigurationList section */
		8C88AB4B22A9DA42006848ED /* Build configuration list for PBXProject "Hello-SwiftUI" */ = {
			isa = XCConfigurationList;
			buildConfigurations = (
				8C88AB7822A9DA43006848ED /* Debug */,
				8C88AB7922A9DA43006848ED /* Release */,
			);
			defaultConfigurationIsVisible = 0;
			defaultConfigurationName = Release;
		};
		8C88AB7A22A9DA43006848ED /* Build configuration list for PBXNativeTarget "Hello-SwiftUI" */ = {
			isa = XCConfigurationList;
			buildConfigurations = (
				8C88AB7B22A9DA43006848ED /* Debug */,
				8C88AB7C22A9DA43006848ED /* Release */,
			);
			defaultConfigurationIsVisible = 0;
			defaultConfigurationName = Release;
		};
		8C88AB7D22A9DA43006848ED /* Build configuration list for PBXNativeTarget "Hello-SwiftUITests" */ = {
			isa = XCConfigurationList;
			buildConfigurations = (
				8C88AB7E22A9DA43006848ED /* Debug */,
				8C88AB7F22A9DA43006848ED /* Release */,
			);
			defaultConfigurationIsVisible = 0;
			defaultConfigurationName = Release;
		};
		8C88AB8022A9DA43006848ED /* Build configuration list for PBXNativeTarget "Hello-SwiftUIUITests" */ = {
			isa = XCConfigurationList;
			buildConfigurations = (
				8C88AB8122A9DA43006848ED /* Debug */,
				8C88AB8222A9DA43006848ED /* Release */,
			);
			defaultConfigurationIsVisible = 0;
			defaultConfigurationName = Release;
		};
/* End XCConfigurationList section */
	};
	rootObject = 8C88AB4822A9DA42006848ED /* Project object */;
}
